
Microsoft Visual Studio Solution File, Format Version 12.00
# Visual Studio 15
VisualStudioVersion = 15.0.28307.329
MinimumVisualStudioVersion = 10.0.40219.1
Project("{FAE04EC0-301F-11D3-BF4B-00C04F79EFBC}") = "PF2Easy", "PF2Easy\PF2Easy.csproj", "{64DA9578-11E3-42F2-B138-D704DDFC3982}"
EndProject
Project("{2150E333-8FDC-42A3-9474-1A3956D46DE8}") = "Solution Items", "Solution Items", "{8BB8EB4C-FFEE-441C-984A-68FA617D3C5C}"
EndProject
Global
	GlobalSection(SolutionConfigurationPlatforms) = preSolution
		Debug|Any CPU = Debug|Any CPU
		Release|Any CPU = Release|Any CPU
	EndGlobalSection
	GlobalSection(ProjectConfigurationPlatforms) = postSolution
		{64DA9578-11E3-42F2-B138-D704DDFC3982}.Debug|Any CPU.ActiveCfg = Debug|Any CPU
		{64DA9578-11E3-42F2-B138-D704DDFC3982}.Debug|Any CPU.Build.0 = Debug|Any CPU
		{64DA9578-11E3-42F2-B138-D704DDFC3982}.Release|Any CPU.ActiveCfg = Release|Any CPU
		{64DA9578-11E3-42F2-B138-D704DDFC3982}.Release|Any CPU.Build.0 = Release|Any CPU
	EndGlobalSection
	GlobalSection(SolutionProperties) = preSolution
		HideSolutionNode = FALSE
	EndGlobalSection
	GlobalSection(ExtensibilityGlobals) = postSolution
		SolutionGuid = {23821D15-984D-4DFA-A92F-02F024F5243F}
	EndGlobalSection
EndGlobal
